
Microsoft Visual Studio Solution File, Format Version 12.00
# Visual Studio Version 16
VisualStudioVersion = 16.0.30320.27
MinimumVisualStudioVersion = 10.0.40219.1
Project("{9A19103F-16F7-4668-BE54-9A1E7A4F7556}") = "RcktMon", "WpfUI\RcktMon.csproj", "{DCFADA38-D100-4B40-8363-C7D387D7AF28}"
EndProject
Global
	GlobalSection(SolutionConfigurationPlatforms) = preSolution
		Debug|Any CPU = Debug|Any CPU
		Release|Any CPU = Release|Any CPU
	EndGlobalSection
	GlobalSection(ProjectConfigurationPlatforms) = postSolution
		{DCFADA38-D100-4B40-8363-C7D387D7AF28}.Debug|Any CPU.ActiveCfg = Debug|Any CPU
		{DCFADA38-D100-4B40-8363-C7D387D7AF28}.Debug|Any CPU.Build.0 = Debug|Any CPU
		{DCFADA38-D100-4B40-8363-C7D387D7AF28}.Release|Any CPU.ActiveCfg = Release|Any CPU
		{DCFADA38-D100-4B40-8363-C7D387D7AF28}.Release|Any CPU.Build.0 = Release|Any CPU
	EndGlobalSection
	GlobalSection(SolutionProperties) = preSolution
		HideSolutionNode = FALSE
	EndGlobalSection
	GlobalSection(ExtensibilityGlobals) = postSolution
		SolutionGuid = {A705D4D3-5CB2-4629-A130-B0B49F968ABC}
	EndGlobalSection
EndGlobal
