
Microsoft Visual Studio Solution File, Format Version 12.00
# Visual Studio Version 17
VisualStudioVersion = 17.4.32804.182
MinimumVisualStudioVersion = 10.0.40219.1
Project("{9A19103F-16F7-4668-BE54-9A1E7A4F7556}") = "DesktopWpfUI", "WpfUI\DesktopWpfUI.csproj", "{DCFADA38-D100-4B40-8363-C7D387D7AF28}"
EndProject
Project("{9A19103F-16F7-4668-BE54-9A1E7A4F7556}") = "CoreNgine", "CoreNgine\CoreNgine.csproj", "{08264C3B-2367-4333-BBD9-5809FE1C6A1C}"
EndProject
Project("{9A19103F-16F7-4668-BE54-9A1E7A4F7556}") = "CoreData", "CoreData\CoreData.csproj", "{4EC1426E-71AB-4572-98A9-98398EF78857}"
EndProject
Project("{9A19103F-16F7-4668-BE54-9A1E7A4F7556}") = "ExtDataManagers", "L2DataProvider\ExtDataManagers.csproj", "{CAE7ADA1-0B03-4C13-90BC-8FD5122CB78D}"
EndProject
Project("{9A19103F-16F7-4668-BE54-9A1E7A4F7556}") = "CodeGenerators", "CodeGenerators\CodeGenerators.csproj", "{EF852158-0483-4B9A-8692-B8D5B3076B51}"
EndProject
Project("{9A19103F-16F7-4668-BE54-9A1E7A4F7556}") = "Tinkoff.Trading.OpenApi.Legacy", "Tinkoff.Trading.OpenApi.Legacy\Tinkoff.Trading.OpenApi.Legacy.csproj", "{A6BC8BB8-DE2D-4A8B-AAD8-E33E48EBF7D9}"
EndProject
Global
	GlobalSection(SolutionConfigurationPlatforms) = preSolution
		Debug|Any CPU = Debug|Any CPU
		Release|Any CPU = Release|Any CPU
	EndGlobalSection
	GlobalSection(ProjectConfigurationPlatforms) = postSolution
		{DCFADA38-D100-4B40-8363-C7D387D7AF28}.Debug|Any CPU.ActiveCfg = Debug|Any CPU
		{DCFADA38-D100-4B40-8363-C7D387D7AF28}.Debug|Any CPU.Build.0 = Debug|Any CPU
		{DCFADA38-D100-4B40-8363-C7D387D7AF28}.Release|Any CPU.ActiveCfg = Release|Any CPU
		{DCFADA38-D100-4B40-8363-C7D387D7AF28}.Release|Any CPU.Build.0 = Release|Any CPU
		{08264C3B-2367-4333-BBD9-5809FE1C6A1C}.Debug|Any CPU.ActiveCfg = Debug|Any CPU
		{08264C3B-2367-4333-BBD9-5809FE1C6A1C}.Debug|Any CPU.Build.0 = Debug|Any CPU
		{08264C3B-2367-4333-BBD9-5809FE1C6A1C}.Release|Any CPU.ActiveCfg = Release|Any CPU
		{08264C3B-2367-4333-BBD9-5809FE1C6A1C}.Release|Any CPU.Build.0 = Release|Any CPU
		{4EC1426E-71AB-4572-98A9-98398EF78857}.Debug|Any CPU.ActiveCfg = Debug|Any CPU
		{4EC1426E-71AB-4572-98A9-98398EF78857}.Debug|Any CPU.Build.0 = Debug|Any CPU
		{4EC1426E-71AB-4572-98A9-98398EF78857}.Release|Any CPU.ActiveCfg = Release|Any CPU
		{4EC1426E-71AB-4572-98A9-98398EF78857}.Release|Any CPU.Build.0 = Release|Any CPU
		{CAE7ADA1-0B03-4C13-90BC-8FD5122CB78D}.Debug|Any CPU.ActiveCfg = Debug|Any CPU
		{CAE7ADA1-0B03-4C13-90BC-8FD5122CB78D}.Debug|Any CPU.Build.0 = Debug|Any CPU
		{CAE7ADA1-0B03-4C13-90BC-8FD5122CB78D}.Release|Any CPU.ActiveCfg = Release|Any CPU
		{CAE7ADA1-0B03-4C13-90BC-8FD5122CB78D}.Release|Any CPU.Build.0 = Release|Any CPU
		{EF852158-0483-4B9A-8692-B8D5B3076B51}.Debug|Any CPU.ActiveCfg = Debug|Any CPU
		{EF852158-0483-4B9A-8692-B8D5B3076B51}.Debug|Any CPU.Build.0 = Debug|Any CPU
		{EF852158-0483-4B9A-8692-B8D5B3076B51}.Release|Any CPU.ActiveCfg = Release|Any CPU
		{EF852158-0483-4B9A-8692-B8D5B3076B51}.Release|Any CPU.Build.0 = Release|Any CPU
		{A6BC8BB8-DE2D-4A8B-AAD8-E33E48EBF7D9}.Debug|Any CPU.ActiveCfg = Debug|Any CPU
		{A6BC8BB8-DE2D-4A8B-AAD8-E33E48EBF7D9}.Debug|Any CPU.Build.0 = Debug|Any CPU
		{A6BC8BB8-DE2D-4A8B-AAD8-E33E48EBF7D9}.Release|Any CPU.ActiveCfg = Release|Any CPU
		{A6BC8BB8-DE2D-4A8B-AAD8-E33E48EBF7D9}.Release|Any CPU.Build.0 = Release|Any CPU
	EndGlobalSection
	GlobalSection(SolutionProperties) = preSolution
		HideSolutionNode = FALSE
	EndGlobalSection
	GlobalSection(ExtensibilityGlobals) = postSolution
		SolutionGuid = {A705D4D3-5CB2-4629-A130-B0B49F968ABC}
	EndGlobalSection
EndGlobal
